// !$*UTF8*$!
{
	archiveVersion = 1;
	classes = {
	};
	objectVersion = 46;
	objects = {

/* Begin PBXBuildFile section */
		B6485FAADF7CDEE668AB8DCC /* Pods.framework in Frameworks */ = {isa = PBXBuildFile; fileRef = 472FBEDCD80B2BFAB8E0AF0E /* Pods.framework */; settings = {ATTRIBUTES = (Weak, ); }; };
		D90976DA1A79C2240042AB36 /* AppDelegate.swift in Sources */ = {isa = PBXBuildFile; fileRef = D90976D91A79C2240042AB36 /* AppDelegate.swift */; };
		D90976DC1A79C2240042AB36 /* ViewController.swift in Sources */ = {isa = PBXBuildFile; fileRef = D90976DB1A79C2240042AB36 /* ViewController.swift */; };
		D90976DF1A79C2240042AB36 /* Main.storyboard in Resources */ = {isa = PBXBuildFile; fileRef = D90976DD1A79C2240042AB36 /* Main.storyboard */; };
		D90976E11A79C2240042AB36 /* Images.xcassets in Resources */ = {isa = PBXBuildFile; fileRef = D90976E01A79C2240042AB36 /* Images.xcassets */; };
		D90976E41A79C2240042AB36 /* LaunchScreen.xib in Resources */ = {isa = PBXBuildFile; fileRef = D90976E21A79C2240042AB36 /* LaunchScreen.xib */; };
		D90976F01A79C2240042AB36 /* vimgTests.swift in Sources */ = {isa = PBXBuildFile; fileRef = D90976EF1A79C2240042AB36 /* vimgTests.swift */; };
		D90E257E1A8164BC0027A9DF /* icon.png in Resources */ = {isa = PBXBuildFile; fileRef = D90E257D1A8164BC0027A9DF /* icon.png */; };
		D965C19E1A7AC04D0039BAD7 /* switch_camera-100.png in Resources */ = {isa = PBXBuildFile; fileRef = D965C19D1A7AC04D0039BAD7 /* switch_camera-100.png */; };
		D965C1A21A7B132A0039BAD7 /* PhotoUploadViewController.swift in Sources */ = {isa = PBXBuildFile; fileRef = D965C1A11A7B132A0039BAD7 /* PhotoUploadViewController.swift */; };
		D965C1A41A7B217D0039BAD7 /* delete_sign-100.png in Resources */ = {isa = PBXBuildFile; fileRef = D965C1A31A7B217D0039BAD7 /* delete_sign-100.png */; };
		D965C1A61A7B247B0039BAD7 /* shoot-button.png in Resources */ = {isa = PBXBuildFile; fileRef = D965C1A51A7B247B0039BAD7 /* shoot-button.png */; };
		D9DD81C01A7FF371006C0C7C /* ImageRotation.swift in Sources */ = {isa = PBXBuildFile; fileRef = D9DD81BF1A7FF371006C0C7C /* ImageRotation.swift */; };
		D9DD81C21A7FFEE7006C0C7C /* rotate_left-100.png in Resources */ = {isa = PBXBuildFile; fileRef = D9DD81C11A7FFEE7006C0C7C /* rotate_left-100.png */; };
		D9DD81D51A800963006C0C7C /* CryptoSwift.framework in Frameworks */ = {isa = PBXBuildFile; fileRef = D9DD81CA1A800485006C0C7C /* CryptoSwift.framework */; };
		D9DD81D61A800963006C0C7C /* CryptoSwift.framework in Embed Frameworks */ = {isa = PBXBuildFile; fileRef = D9DD81CA1A800485006C0C7C /* CryptoSwift.framework */; settings = {ATTRIBUTES = (CodeSignOnCopy, RemoveHeadersOnCopy, ); }; };
/* End PBXBuildFile section */

/* Begin PBXContainerItemProxy section */
		D90976EA1A79C2240042AB36 /* PBXContainerItemProxy */ = {
			isa = PBXContainerItemProxy;
			containerPortal = D90976CC1A79C2240042AB36 /* Project object */;
			proxyType = 1;
			remoteGlobalIDString = D90976D31A79C2240042AB36;
			remoteInfo = vimg;
		};
		D9DD81C91A800485006C0C7C /* PBXContainerItemProxy */ = {
			isa = PBXContainerItemProxy;
			containerPortal = D9DD81C41A800485006C0C7C /* CryptoSwift.xcodeproj */;
			proxyType = 2;
			remoteGlobalIDString = 754BE45519693E190098E6F3;
			remoteInfo = CryptoSwift;
		};
		D9DD81CB1A800485006C0C7C /* PBXContainerItemProxy */ = {
			isa = PBXContainerItemProxy;
			containerPortal = D9DD81C41A800485006C0C7C /* CryptoSwift.xcodeproj */;
			proxyType = 2;
			remoteGlobalIDString = 754BE46019693E190098E6F3;
			remoteInfo = CryptoSwiftTests;
		};
		D9DD81D21A800958006C0C7C /* PBXContainerItemProxy */ = {
			isa = PBXContainerItemProxy;
			containerPortal = D9DD81C41A800485006C0C7C /* CryptoSwift.xcodeproj */;
			proxyType = 1;
			remoteGlobalIDString = 754BE45419693E190098E6F3;
			remoteInfo = CryptoSwift;
		};
		D9DD81D71A800963006C0C7C /* PBXContainerItemProxy */ = {
			isa = PBXContainerItemProxy;
			containerPortal = D9DD81C41A800485006C0C7C /* CryptoSwift.xcodeproj */;
			proxyType = 1;
			remoteGlobalIDString = 754BE45419693E190098E6F3;
			remoteInfo = CryptoSwift;
		};
/* End PBXContainerItemProxy section */

/* Begin PBXCopyFilesBuildPhase section */
		D9DD81D91A800963006C0C7C /* Embed Frameworks */ = {
			isa = PBXCopyFilesBuildPhase;
			buildActionMask = 2147483647;
			dstPath = "";
			dstSubfolderSpec = 10;
			files = (
				D9DD81D61A800963006C0C7C /* CryptoSwift.framework in Embed Frameworks */,
			);
			name = "Embed Frameworks";
			runOnlyForDeploymentPostprocessing = 0;
		};
/* End PBXCopyFilesBuildPhase section */

/* Begin PBXFileReference section */
		472FBEDCD80B2BFAB8E0AF0E /* Pods.framework */ = {isa = PBXFileReference; explicitFileType = wrapper.framework; includeInIndex = 0; path = Pods.framework; sourceTree = BUILT_PRODUCTS_DIR; };
		91030EC8087274A9E77C47C4 /* Pods.debug.xcconfig */ = {isa = PBXFileReference; includeInIndex = 1; lastKnownFileType = text.xcconfig; name = Pods.debug.xcconfig; path = "Pods/Target Support Files/Pods/Pods.debug.xcconfig"; sourceTree = "<group>"; };
		C5C9D03A5AB4EAAA6814C220 /* Pods.release.xcconfig */ = {isa = PBXFileReference; includeInIndex = 1; lastKnownFileType = text.xcconfig; name = Pods.release.xcconfig; path = "Pods/Target Support Files/Pods/Pods.release.xcconfig"; sourceTree = "<group>"; };
		D90976D41A79C2240042AB36 /* vimg.app */ = {isa = PBXFileReference; explicitFileType = wrapper.application; includeInIndex = 0; path = vimg.app; sourceTree = BUILT_PRODUCTS_DIR; };
		D90976D81A79C2240042AB36 /* Info.plist */ = {isa = PBXFileReference; lastKnownFileType = text.plist.xml; path = Info.plist; sourceTree = "<group>"; };
		D90976D91A79C2240042AB36 /* AppDelegate.swift */ = {isa = PBXFileReference; lastKnownFileType = sourcecode.swift; path = AppDelegate.swift; sourceTree = "<group>"; };
		D90976DB1A79C2240042AB36 /* ViewController.swift */ = {isa = PBXFileReference; lastKnownFileType = sourcecode.swift; path = ViewController.swift; sourceTree = "<group>"; };
		D90976DE1A79C2240042AB36 /* Base */ = {isa = PBXFileReference; lastKnownFileType = file.storyboard; name = Base; path = Base.lproj/Main.storyboard; sourceTree = "<group>"; };
		D90976E01A79C2240042AB36 /* Images.xcassets */ = {isa = PBXFileReference; lastKnownFileType = folder.assetcatalog; path = Images.xcassets; sourceTree = "<group>"; };
		D90976E31A79C2240042AB36 /* Base */ = {isa = PBXFileReference; lastKnownFileType = file.xib; name = Base; path = Base.lproj/LaunchScreen.xib; sourceTree = "<group>"; };
		D90976E91A79C2240042AB36 /* vimgTests.xctest */ = {isa = PBXFileReference; explicitFileType = wrapper.cfbundle; includeInIndex = 0; path = vimgTests.xctest; sourceTree = BUILT_PRODUCTS_DIR; };
		D90976EE1A79C2240042AB36 /* Info.plist */ = {isa = PBXFileReference; lastKnownFileType = text.plist.xml; path = Info.plist; sourceTree = "<group>"; };
		D90976EF1A79C2240042AB36 /* vimgTests.swift */ = {isa = PBXFileReference; lastKnownFileType = sourcecode.swift; path = vimgTests.swift; sourceTree = "<group>"; };
		D90E257D1A8164BC0027A9DF /* icon.png */ = {isa = PBXFileReference; lastKnownFileType = image.png; path = icon.png; sourceTree = "<group>"; };
		D965C19D1A7AC04D0039BAD7 /* switch_camera-100.png */ = {isa = PBXFileReference; lastKnownFileType = image.png; path = "switch_camera-100.png"; sourceTree = "<group>"; };
		D965C1A11A7B132A0039BAD7 /* PhotoUploadViewController.swift */ = {isa = PBXFileReference; fileEncoding = 4; lastKnownFileType = sourcecode.swift; path = PhotoUploadViewController.swift; sourceTree = "<group>"; };
		D965C1A31A7B217D0039BAD7 /* delete_sign-100.png */ = {isa = PBXFileReference; lastKnownFileType = image.png; path = "delete_sign-100.png"; sourceTree = "<group>"; };
		D965C1A51A7B247B0039BAD7 /* shoot-button.png */ = {isa = PBXFileReference; lastKnownFileType = image.png; path = "shoot-button.png"; sourceTree = "<group>"; };
		D9DD81BF1A7FF371006C0C7C /* ImageRotation.swift */ = {isa = PBXFileReference; fileEncoding = 4; lastKnownFileType = sourcecode.swift; path = ImageRotation.swift; sourceTree = "<group>"; };
		D9DD81C11A7FFEE7006C0C7C /* rotate_left-100.png */ = {isa = PBXFileReference; lastKnownFileType = image.png; path = "rotate_left-100.png"; sourceTree = "<group>"; };
		D9DD81C41A800485006C0C7C /* CryptoSwift.xcodeproj */ = {isa = PBXFileReference; lastKnownFileType = "wrapper.pb-project"; name = CryptoSwift.xcodeproj; path = CryptoSwift/CryptoSwift.xcodeproj; sourceTree = SOURCE_ROOT; };
/* End PBXFileReference section */

/* Begin PBXFrameworksBuildPhase section */
		D90976D11A79C2240042AB36 /* Frameworks */ = {
			isa = PBXFrameworksBuildPhase;
			buildActionMask = 2147483647;
			files = (
				B6485FAADF7CDEE668AB8DCC /* Pods.framework in Frameworks */,
				D9DD81D51A800963006C0C7C /* CryptoSwift.framework in Frameworks */,
			);
			runOnlyForDeploymentPostprocessing = 0;
		};
		D90976E61A79C2240042AB36 /* Frameworks */ = {
			isa = PBXFrameworksBuildPhase;
			buildActionMask = 2147483647;
			files = (
			);
			runOnlyForDeploymentPostprocessing = 0;
		};
/* End PBXFrameworksBuildPhase section */

/* Begin PBXGroup section */
		083BF16AFFFD5DF8F4414048 /* Pods */ = {
			isa = PBXGroup;
			children = (
				91030EC8087274A9E77C47C4 /* Pods.debug.xcconfig */,
				C5C9D03A5AB4EAAA6814C220 /* Pods.release.xcconfig */,
			);
			name = Pods;
			sourceTree = "<group>";
		};
		AA8410D2D725DBA33A78EFD7 /* Frameworks */ = {
			isa = PBXGroup;
			children = (
				472FBEDCD80B2BFAB8E0AF0E /* Pods.framework */,
			);
			name = Frameworks;
			sourceTree = "<group>";
		};
		D90976CB1A79C2240042AB36 = {
			isa = PBXGroup;
			children = (
				D90976D61A79C2240042AB36 /* vimg */,
				D90976EC1A79C2240042AB36 /* vimgTests */,
				D90976D51A79C2240042AB36 /* Products */,
				083BF16AFFFD5DF8F4414048 /* Pods */,
				AA8410D2D725DBA33A78EFD7 /* Frameworks */,
			);
			sourceTree = "<group>";
		};
		D90976D51A79C2240042AB36 /* Products */ = {
			isa = PBXGroup;
			children = (
				D90976D41A79C2240042AB36 /* vimg.app */,
				D90976E91A79C2240042AB36 /* vimgTests.xctest */,
			);
			name = Products;
			sourceTree = "<group>";
		};
		D90976D61A79C2240042AB36 /* vimg */ = {
			isa = PBXGroup;
			children = (
				D9DD81C41A800485006C0C7C /* CryptoSwift.xcodeproj */,
				D965C1A51A7B247B0039BAD7 /* shoot-button.png */,
				D90E257D1A8164BC0027A9DF /* icon.png */,
				D965C19D1A7AC04D0039BAD7 /* switch_camera-100.png */,
				D9DD81C11A7FFEE7006C0C7C /* rotate_left-100.png */,
				D965C1A31A7B217D0039BAD7 /* delete_sign-100.png */,
				D90976D91A79C2240042AB36 /* AppDelegate.swift */,
				D90976DB1A79C2240042AB36 /* ViewController.swift */,
				D90976DD1A79C2240042AB36 /* Main.storyboard */,
				D90976E01A79C2240042AB36 /* Images.xcassets */,
				D90976E21A79C2240042AB36 /* LaunchScreen.xib */,
				D90976D71A79C2240042AB36 /* Supporting Files */,
				D965C1A11A7B132A0039BAD7 /* PhotoUploadViewController.swift */,
				D9DD81BF1A7FF371006C0C7C /* ImageRotation.swift */,
			);
			path = vimg;
			sourceTree = "<group>";
		};
		D90976D71A79C2240042AB36 /* Supporting Files */ = {
			isa = PBXGroup;
			children = (
				D90976D81A79C2240042AB36 /* Info.plist */,
			);
			name = "Supporting Files";
			sourceTree = "<group>";
		};
		D90976EC1A79C2240042AB36 /* vimgTests */ = {
			isa = PBXGroup;
			children = (
				D90976EF1A79C2240042AB36 /* vimgTests.swift */,
				D90976ED1A79C2240042AB36 /* Supporting Files */,
			);
			path = vimgTests;
			sourceTree = "<group>";
		};
		D90976ED1A79C2240042AB36 /* Supporting Files */ = {
			isa = PBXGroup;
			children = (
				D90976EE1A79C2240042AB36 /* Info.plist */,
			);
			name = "Supporting Files";
			sourceTree = "<group>";
		};
		D9DD81C51A800485006C0C7C /* Products */ = {
			isa = PBXGroup;
			children = (
				D9DD81CA1A800485006C0C7C /* CryptoSwift.framework */,
				D9DD81CC1A800485006C0C7C /* CryptoSwiftTests.xctest */,
			);
			name = Products;
			sourceTree = "<group>";
		};
/* End PBXGroup section */

/* Begin PBXNativeTarget section */
		D90976D31A79C2240042AB36 /* vimg */ = {
			isa = PBXNativeTarget;
			buildConfigurationList = D90976F31A79C2240042AB36 /* Build configuration list for PBXNativeTarget "vimg" */;
			buildPhases = (
				D19295ED2755327037AC39A3 /* Check Pods Manifest.lock */,
				D90976D01A79C2240042AB36 /* Sources */,
				D90976D11A79C2240042AB36 /* Frameworks */,
				D90976D21A79C2240042AB36 /* Resources */,
				7E0240188FA875B4B55ACF4B /* Embed Pods Frameworks */,
				71F179CD1DB4EBBC7FF41EC7 /* Copy Pods Resources */,
				D9DD81D91A800963006C0C7C /* Embed Frameworks */,
			);
			buildRules = (
			);
			dependencies = (
				D9DD81D31A800958006C0C7C /* PBXTargetDependency */,
				D9DD81D81A800963006C0C7C /* PBXTargetDependency */,
			);
			name = vimg;
			productName = vimg;
			productReference = D90976D41A79C2240042AB36 /* vimg.app */;
			productType = "com.apple.product-type.application";
		};
		D90976E81A79C2240042AB36 /* vimgTests */ = {
			isa = PBXNativeTarget;
			buildConfigurationList = D90976F61A79C2240042AB36 /* Build configuration list for PBXNativeTarget "vimgTests" */;
			buildPhases = (
				D90976E51A79C2240042AB36 /* Sources */,
				D90976E61A79C2240042AB36 /* Frameworks */,
				D90976E71A79C2240042AB36 /* Resources */,
			);
			buildRules = (
			);
			dependencies = (
				D90976EB1A79C2240042AB36 /* PBXTargetDependency */,
			);
			name = vimgTests;
			productName = vimgTests;
			productReference = D90976E91A79C2240042AB36 /* vimgTests.xctest */;
			productType = "com.apple.product-type.bundle.unit-test";
		};
/* End PBXNativeTarget section */

/* Begin PBXProject section */
		D90976CC1A79C2240042AB36 /* Project object */ = {
			isa = PBXProject;
			attributes = {
				LastUpgradeCheck = 0610;
				ORGANIZATIONNAME = "Rui Gomes";
				TargetAttributes = {
					D90976D31A79C2240042AB36 = {
						CreatedOnToolsVersion = 6.1.1;
						DevelopmentTeam = P7FCD7ZNJW;
					};
					D90976E81A79C2240042AB36 = {
						CreatedOnToolsVersion = 6.1.1;
						TestTargetID = D90976D31A79C2240042AB36;
					};
				};
			};
			buildConfigurationList = D90976CF1A79C2240042AB36 /* Build configuration list for PBXProject "vimg" */;
			compatibilityVersion = "Xcode 3.2";
			developmentRegion = English;
			hasScannedForEncodings = 0;
			knownRegions = (
				en,
				Base,
			);
			mainGroup = D90976CB1A79C2240042AB36;
			productRefGroup = D90976D51A79C2240042AB36 /* Products */;
			projectDirPath = "";
			projectReferences = (
				{
					ProductGroup = D9DD81C51A800485006C0C7C /* Products */;
					ProjectRef = D9DD81C41A800485006C0C7C /* CryptoSwift.xcodeproj */;
				},
			);
			projectRoot = "";
			targets = (
				D90976D31A79C2240042AB36 /* vimg */,
				D90976E81A79C2240042AB36 /* vimgTests */,
			);
		};
/* End PBXProject section */

/* Begin PBXReferenceProxy section */
		D9DD81CA1A800485006C0C7C /* CryptoSwift.framework */ = {
			isa = PBXReferenceProxy;
			fileType = wrapper.framework;
			path = CryptoSwift.framework;
			remoteRef = D9DD81C91A800485006C0C7C /* PBXContainerItemProxy */;
			sourceTree = BUILT_PRODUCTS_DIR;
		};
		D9DD81CC1A800485006C0C7C /* CryptoSwiftTests.xctest */ = {
			isa = PBXReferenceProxy;
			fileType = wrapper.cfbundle;
			path = CryptoSwiftTests.xctest;
			remoteRef = D9DD81CB1A800485006C0C7C /* PBXContainerItemProxy */;
			sourceTree = BUILT_PRODUCTS_DIR;
		};
/* End PBXReferenceProxy section */

/* Begin PBXResourcesBuildPhase section */
		D90976D21A79C2240042AB36 /* Resources */ = {
			isa = PBXResourcesBuildPhase;
			buildActionMask = 2147483647;
			files = (
				D90976DF1A79C2240042AB36 /* Main.storyboard in Resources */,
				D965C19E1A7AC04D0039BAD7 /* switch_camera-100.png in Resources */,
				D965C1A41A7B217D0039BAD7 /* delete_sign-100.png in Resources */,
				D965C1A61A7B247B0039BAD7 /* shoot-button.png in Resources */,
				D90E257E1A8164BC0027A9DF /* icon.png in Resources */,
				D90976E41A79C2240042AB36 /* LaunchScreen.xib in Resources */,
				D9DD81C21A7FFEE7006C0C7C /* rotate_left-100.png in Resources */,
				D90976E11A79C2240042AB36 /* Images.xcassets in Resources */,
			);
			runOnlyForDeploymentPostprocessing = 0;
		};
		D90976E71A79C2240042AB36 /* Resources */ = {
			isa = PBXResourcesBuildPhase;
			buildActionMask = 2147483647;
			files = (
			);
			runOnlyForDeploymentPostprocessing = 0;
		};
/* End PBXResourcesBuildPhase section */

/* Begin PBXShellScriptBuildPhase section */
		71F179CD1DB4EBBC7FF41EC7 /* Copy Pods Resources */ = {
			isa = PBXShellScriptBuildPhase;
			buildActionMask = 2147483647;
			files = (
			);
			inputPaths = (
			);
			name = "Copy Pods Resources";
			outputPaths = (
			);
			runOnlyForDeploymentPostprocessing = 0;
			shellPath = /bin/sh;
			shellScript = "\"${SRCROOT}/Pods/Target Support Files/Pods/Pods-resources.sh\"\n";
			showEnvVarsInLog = 0;
		};
		7E0240188FA875B4B55ACF4B /* Embed Pods Frameworks */ = {
			isa = PBXShellScriptBuildPhase;
			buildActionMask = 2147483647;
			files = (
			);
			inputPaths = (
			);
			name = "Embed Pods Frameworks";
			outputPaths = (
			);
			runOnlyForDeploymentPostprocessing = 0;
			shellPath = /bin/sh;
			shellScript = "\"${SRCROOT}/Pods/Target Support Files/Pods/Pods-frameworks.sh\"\n";
			showEnvVarsInLog = 0;
		};
		D19295ED2755327037AC39A3 /* Check Pods Manifest.lock */ = {
			isa = PBXShellScriptBuildPhase;
			buildActionMask = 2147483647;
			files = (
			);
			inputPaths = (
			);
			name = "Check Pods Manifest.lock";
			outputPaths = (
			);
			runOnlyForDeploymentPostprocessing = 0;
			shellPath = /bin/sh;
			shellScript = "diff \"${PODS_ROOT}/../Podfile.lock\" \"${PODS_ROOT}/Manifest.lock\" > /dev/null\nif [[ $? != 0 ]] ; then\n    cat << EOM\nerror: The sandbox is not in sync with the Podfile.lock. Run 'pod install' or update your CocoaPods installation.\nEOM\n    exit 1\nfi\n";
			showEnvVarsInLog = 0;
		};
/* End PBXShellScriptBuildPhase section */

/* Begin PBXSourcesBuildPhase section */
		D90976D01A79C2240042AB36 /* Sources */ = {
			isa = PBXSourcesBuildPhase;
			buildActionMask = 2147483647;
			files = (
				D90976DC1A79C2240042AB36 /* ViewController.swift in Sources */,
				D9DD81C01A7FF371006C0C7C /* ImageRotation.swift in Sources */,
				D90976DA1A79C2240042AB36 /* AppDelegate.swift in Sources */,
				D965C1A21A7B132A0039BAD7 /* PhotoUploadViewController.swift in Sources */,
			);
			runOnlyForDeploymentPostprocessing = 0;
		};
		D90976E51A79C2240042AB36 /* Sources */ = {
			isa = PBXSourcesBuildPhase;
			buildActionMask = 2147483647;
			files = (
				D90976F01A79C2240042AB36 /* vimgTests.swift in Sources */,
			);
			runOnlyForDeploymentPostprocessing = 0;
		};
/* End PBXSourcesBuildPhase section */

/* Begin PBXTargetDependency section */
		D90976EB1A79C2240042AB36 /* PBXTargetDependency */ = {
			isa = PBXTargetDependency;
			target = D90976D31A79C2240042AB36 /* vimg */;
			targetProxy = D90976EA1A79C2240042AB36 /* PBXContainerItemProxy */;
		};
		D9DD81D31A800958006C0C7C /* PBXTargetDependency */ = {
			isa = PBXTargetDependency;
			name = CryptoSwift;
			targetProxy = D9DD81D21A800958006C0C7C /* PBXContainerItemProxy */;
		};
		D9DD81D81A800963006C0C7C /* PBXTargetDependency */ = {
			isa = PBXTargetDependency;
			name = CryptoSwift;
			targetProxy = D9DD81D71A800963006C0C7C /* PBXContainerItemProxy */;
		};
/* End PBXTargetDependency section */

/* Begin PBXVariantGroup section */
		D90976DD1A79C2240042AB36 /* Main.storyboard */ = {
			isa = PBXVariantGroup;
			children = (
				D90976DE1A79C2240042AB36 /* Base */,
			);
			name = Main.storyboard;
			sourceTree = "<group>";
		};
		D90976E21A79C2240042AB36 /* LaunchScreen.xib */ = {
			isa = PBXVariantGroup;
			children = (
				D90976E31A79C2240042AB36 /* Base */,
			);
			name = LaunchScreen.xib;
			sourceTree = "<group>";
		};
/* End PBXVariantGroup section */

/* Begin XCBuildConfiguration section */
		D90976F11A79C2240042AB36 /* Debug */ = {
			isa = XCBuildConfiguration;
			buildSettings = {
				ALWAYS_SEARCH_USER_PATHS = NO;
				CLANG_CXX_LANGUAGE_STANDARD = "gnu++0x";
				CLANG_CXX_LIBRARY = "libc++";
				CLANG_ENABLE_MODULES = YES;
				CLANG_ENABLE_OBJC_ARC = YES;
				CLANG_WARN_BOOL_CONVERSION = YES;
				CLANG_WARN_CONSTANT_CONVERSION = YES;
				CLANG_WARN_DIRECT_OBJC_ISA_USAGE = YES_ERROR;
				CLANG_WARN_EMPTY_BODY = YES;
				CLANG_WARN_ENUM_CONVERSION = YES;
				CLANG_WARN_INT_CONVERSION = YES;
				CLANG_WARN_OBJC_ROOT_CLASS = YES_ERROR;
				CLANG_WARN_UNREACHABLE_CODE = YES;
				CLANG_WARN__DUPLICATE_METHOD_MATCH = YES;
				"CODE_SIGN_IDENTITY[sdk=iphoneos*]" = "iPhone Developer";
				COPY_PHASE_STRIP = NO;
				ENABLE_STRICT_OBJC_MSGSEND = YES;
				GCC_C_LANGUAGE_STANDARD = gnu99;
				GCC_DYNAMIC_NO_PIC = NO;
				GCC_OPTIMIZATION_LEVEL = 0;
				GCC_PREPROCESSOR_DEFINITIONS = (
					"DEBUG=1",
					"$(inherited)",
				);
				GCC_SYMBOLS_PRIVATE_EXTERN = NO;
				GCC_WARN_64_TO_32_BIT_CONVERSION = YES;
				GCC_WARN_ABOUT_RETURN_TYPE = YES_ERROR;
				GCC_WARN_UNDECLARED_SELECTOR = YES;
				GCC_WARN_UNINITIALIZED_AUTOS = YES_AGGRESSIVE;
				GCC_WARN_UNUSED_FUNCTION = YES;
				GCC_WARN_UNUSED_VARIABLE = YES;
				IPHONEOS_DEPLOYMENT_TARGET = 8.1;
				MTL_ENABLE_DEBUG_INFO = YES;
				ONLY_ACTIVE_ARCH = YES;
				SDKROOT = iphoneos;
				SWIFT_OPTIMIZATION_LEVEL = "-Onone";
				TARGETED_DEVICE_FAMILY = "1,2";
			};
			name = Debug;
		};
		D90976F21A79C2240042AB36 /* Release */ = {
			isa = XCBuildConfiguration;
			buildSettings = {
				ALWAYS_SEARCH_USER_PATHS = NO;
				CLANG_CXX_LANGUAGE_STANDARD = "gnu++0x";
				CLANG_CXX_LIBRARY = "libc++";
				CLANG_ENABLE_MODULES = YES;
				CLANG_ENABLE_OBJC_ARC = YES;
				CLANG_WARN_BOOL_CONVERSION = YES;
				CLANG_WARN_CONSTANT_CONVERSION = YES;
				CLANG_WARN_DIRECT_OBJC_ISA_USAGE = YES_ERROR;
				CLANG_WARN_EMPTY_BODY = YES;
				CLANG_WARN_ENUM_CONVERSION = YES;
				CLANG_WARN_INT_CONVERSION = YES;
				CLANG_WARN_OBJC_ROOT_CLASS = YES_ERROR;
				CLANG_WARN_UNREACHABLE_CODE = YES;
				CLANG_WARN__DUPLICATE_METHOD_MATCH = YES;
				"CODE_SIGN_IDENTITY[sdk=iphoneos*]" = "iPhone Developer";
				COPY_PHASE_STRIP = YES;
				ENABLE_NS_ASSERTIONS = NO;
				ENABLE_STRICT_OBJC_MSGSEND = YES;
				GCC_C_LANGUAGE_STANDARD = gnu99;
				GCC_WARN_64_TO_32_BIT_CONVERSION = YES;
				GCC_WARN_ABOUT_RETURN_TYPE = YES_ERROR;
				GCC_WARN_UNDECLARED_SELECTOR = YES;
				GCC_WARN_UNINITIALIZED_AUTOS = YES_AGGRESSIVE;
				GCC_WARN_UNUSED_FUNCTION = YES;
				GCC_WARN_UNUSED_VARIABLE = YES;
				IPHONEOS_DEPLOYMENT_TARGET = 8.1;
				MTL_ENABLE_DEBUG_INFO = NO;
				SDKROOT = iphoneos;
				TARGETED_DEVICE_FAMILY = "1,2";
				VALIDATE_PRODUCT = YES;
			};
			name = Release;
		};
		D90976F41A79C2240042AB36 /* Debug */ = {
			isa = XCBuildConfiguration;
			baseConfigurationReference = 91030EC8087274A9E77C47C4 /* Pods.debug.xcconfig */;
			buildSettings = {
				ASSETCATALOG_COMPILER_APPICON_NAME = "AppIcon-1";
				CODE_SIGN_IDENTITY = "iPhone Developer";
				"CODE_SIGN_IDENTITY[sdk=iphoneos*]" = "iPhone Developer";
				EMBEDDED_CONTENT_CONTAINS_SWIFT = YES;
				INFOPLIST_FILE = vimg/Info.plist;
				IPHONEOS_DEPLOYMENT_TARGET = 8.0;
				LD_RUNPATH_SEARCH_PATHS = "$(inherited) @executable_path/Frameworks";
				PRODUCT_NAME = "$(TARGET_NAME)";
				PROVISIONING_PROFILE = "";
			};
			name = Debug;
		};
		D90976F51A79C2240042AB36 /* Release */ = {
			isa = XCBuildConfiguration;
			baseConfigurationReference = C5C9D03A5AB4EAAA6814C220 /* Pods.release.xcconfig */;
			buildSettings = {
				ASSETCATALOG_COMPILER_APPICON_NAME = "AppIcon-1";
				CODE_SIGN_IDENTITY = "iPhone Developer";
				"CODE_SIGN_IDENTITY[sdk=iphoneos*]" = "iPhone Developer";
				EMBEDDED_CONTENT_CONTAINS_SWIFT = YES;
				INFOPLIST_FILE = vimg/Info.plist;
				IPHONEOS_DEPLOYMENT_TARGET = 8.0;
				LD_RUNPATH_SEARCH_PATHS = "$(inherited) @executable_path/Frameworks";
				PRODUCT_NAME = "$(TARGET_NAME)";
				PROVISIONING_PROFILE = "";
			};
			name = Release;
		};
		D90976F71A79C2240042AB36 /* Debug */ = {
			isa = XCBuildConfiguration;
			buildSettings = {
				BUNDLE_LOADER = "$(TEST_HOST)";
				FRAMEWORK_SEARCH_PATHS = (
					"$(SDKROOT)/Developer/Library/Frameworks",
					"$(inherited)",
				);
				GCC_PREPROCESSOR_DEFINITIONS = (
					"DEBUG=1",
					"$(inherited)",
				);
				INFOPLIST_FILE = vimgTests/Info.plist;
				LD_RUNPATH_SEARCH_PATHS = "$(inherited) @executable_path/Frameworks @loader_path/Frameworks";
				PRODUCT_NAME = "$(TARGET_NAME)";
				TEST_HOST = "$(BUILT_PRODUCTS_DIR)/vimg.app/vimg";
			};
			name = Debug;
		};
		D90976F81A79C2240042AB36 /* Release */ = {
			isa = XCBuildConfiguration;
			buildSettings = {
				BUNDLE_LOADER = "$(TEST_HOST)";
				FRAMEWORK_SEARCH_PATHS = (
					"$(SDKROOT)/Developer/Library/Frameworks",
					"$(inherited)",
				);
				INFOPLIST_FILE = vimgTests/Info.plist;
				LD_RUNPATH_SEARCH_PATHS = "$(inherited) @executable_path/Frameworks @loader_path/Frameworks";
				PRODUCT_NAME = "$(TARGET_NAME)";
				TEST_HOST = "$(BUILT_PRODUCTS_DIR)/vimg.app/vimg";
			};
			name = Release;
		};
/* End XCBuildConfiguration section */

/* Begin XCConfigurationList section */
		D90976CF1A79C2240042AB36 /* Build configuration list for PBXProject "vimg" */ = {
			isa = XCConfigurationList;
			buildConfigurations = (
				D90976F11A79C2240042AB36 /* Debug */,
				D90976F21A79C2240042AB36 /* Release */,
			);
			defaultConfigurationIsVisible = 0;
			defaultConfigurationName = Release;
		};
		D90976F31A79C2240042AB36 /* Build configuration list for PBXNativeTarget "vimg" */ = {
			isa = XCConfigurationList;
			buildConfigurations = (
				D90976F41A79C2240042AB36 /* Debug */,
				D90976F51A79C2240042AB36 /* Release */,
			);
			defaultConfigurationIsVisible = 0;
			defaultConfigurationName = Release;
		};
		D90976F61A79C2240042AB36 /* Build configuration list for PBXNativeTarget "vimgTests" */ = {
			isa = XCConfigurationList;
			buildConfigurations = (
				D90976F71A79C2240042AB36 /* Debug */,
				D90976F81A79C2240042AB36 /* Release */,
			);
			defaultConfigurationIsVisible = 0;
			defaultConfigurationName = Release;
		};
/* End XCConfigurationList section */
	};
	rootObject = D90976CC1A79C2240042AB36 /* Project object */;
}
